
Microsoft Visual Studio Solution File, Format Version 12.00
# Visual Studio 15
VisualStudioVersion = 15.0.28307.106
MinimumVisualStudioVersion = 10.0.40219.1
Project("{FAE04EC0-301F-11D3-BF4B-00C04F79EFBC}") = "WindowsFormsApp1", "WindowsFormsApp1\WindowsFormsApp1.csproj", "{660FB81E-38D7-4EE6-B25C-FDEA11A837A6}"
EndProject
Project("{9A19103F-16F7-4668-BE54-9A1E7A4F7556}") = "UnitTestProject1", "UnitTestProject1\UnitTestProject1.csproj", "{8D66186A-02F9-44B1-9AB3-E830F6C718A4}"
EndProject
Project("{FAE04EC0-301F-11D3-BF4B-00C04F79EFBC}") = "Metier", "Metier\Metier.csproj", "{BB37A37B-5346-49E0-8A89-F2E11CE2D518}"
EndProject
Project("{FAE04EC0-301F-11D3-BF4B-00C04F79EFBC}") = "Sim", "Sim\Sim.csproj", "{0C1B8F1E-CAB6-46C3-96EC-1C6409E0AD4E}"
EndProject
Global
	GlobalSection(SolutionConfigurationPlatforms) = preSolution
		Debug|Any CPU = Debug|Any CPU
		Release|Any CPU = Release|Any CPU
	EndGlobalSection
	GlobalSection(ProjectConfigurationPlatforms) = postSolution
		{660FB81E-38D7-4EE6-B25C-FDEA11A837A6}.Debug|Any CPU.ActiveCfg = Debug|Any CPU
		{660FB81E-38D7-4EE6-B25C-FDEA11A837A6}.Debug|Any CPU.Build.0 = Debug|Any CPU
		{660FB81E-38D7-4EE6-B25C-FDEA11A837A6}.Release|Any CPU.ActiveCfg = Release|Any CPU
		{660FB81E-38D7-4EE6-B25C-FDEA11A837A6}.Release|Any CPU.Build.0 = Release|Any CPU
		{8D66186A-02F9-44B1-9AB3-E830F6C718A4}.Debug|Any CPU.ActiveCfg = Debug|Any CPU
		{8D66186A-02F9-44B1-9AB3-E830F6C718A4}.Debug|Any CPU.Build.0 = Debug|Any CPU
		{8D66186A-02F9-44B1-9AB3-E830F6C718A4}.Release|Any CPU.ActiveCfg = Release|Any CPU
		{8D66186A-02F9-44B1-9AB3-E830F6C718A4}.Release|Any CPU.Build.0 = Release|Any CPU
		{BB37A37B-5346-49E0-8A89-F2E11CE2D518}.Debug|Any CPU.ActiveCfg = Debug|Any CPU
		{BB37A37B-5346-49E0-8A89-F2E11CE2D518}.Debug|Any CPU.Build.0 = Debug|Any CPU
		{BB37A37B-5346-49E0-8A89-F2E11CE2D518}.Release|Any CPU.ActiveCfg = Release|Any CPU
		{BB37A37B-5346-49E0-8A89-F2E11CE2D518}.Release|Any CPU.Build.0 = Release|Any CPU
		{0C1B8F1E-CAB6-46C3-96EC-1C6409E0AD4E}.Debug|Any CPU.ActiveCfg = Debug|Any CPU
		{0C1B8F1E-CAB6-46C3-96EC-1C6409E0AD4E}.Debug|Any CPU.Build.0 = Debug|Any CPU
		{0C1B8F1E-CAB6-46C3-96EC-1C6409E0AD4E}.Release|Any CPU.ActiveCfg = Release|Any CPU
		{0C1B8F1E-CAB6-46C3-96EC-1C6409E0AD4E}.Release|Any CPU.Build.0 = Release|Any CPU
	EndGlobalSection
	GlobalSection(SolutionProperties) = preSolution
		HideSolutionNode = FALSE
	EndGlobalSection
	GlobalSection(ExtensibilityGlobals) = postSolution
		SolutionGuid = {550EA0F5-2ABB-4FBC-9541-09DB329E8E72}
	EndGlobalSection
EndGlobal
